# This file is automatically @generated by Poetry 1.5.1 and should not be changed by hand.

[[package]]
name = "py-midi"
version = "2.0.1"
description = "A package for sending and receiving MIDI messages easily."
optional = false
python-versions = "*"
files = [
    {file = "py_midi-2.0.1-py3-none-any.whl", hash = "sha256:3bbc896f4bd7ee55e595a2300e173e95522c87964f3acbee705a3d160bfdeac6"},
]

[package.dependencies]
pyserial = "*"

[[package]]
name = "pyserial"
version = "3.5"
description = "Python Serial Port Extension"
optional = false
python-versions = "*"
files = [
    {file = "pyserial-3.5-py2.py3-none-any.whl", hash = "sha256:c4451db6ba391ca6ca299fb3ec7bae67a5c55dde170964c7a14ceefec02f2cf0"},
    {file = "pyserial-3.5.tar.gz", hash = "sha256:3c77e014170dfffbd816e6ffc205e9842efb10be9f58ec16d3e8675b4925cddb"},
]

[package.extras]
cp2110 = ["hidapi"]

[[package]]
name = "python-rtmidi"
version = "1.5.2"
description = "A Python binding for the RtMidi C++ library implemented using Cython."
optional = false
python-versions = "*"
files = [
    {file = "python-rtmidi-1.5.2.tar.gz", hash = "sha256:cf1e7fa6c7a57b1fdb5168d1ea833eb4f8c85c33a1aca0cea2fa0e8d7aebe62f"},
    {file = "python_rtmidi-1.5.2-cp310-cp310-macosx_10_9_x86_64.whl", hash = "sha256:146b8c0a0e2a2a177247ae19b90a2f624cec6d8373f47d2d6019b2746432e183"},
    {file = "python_rtmidi-1.5.2-cp310-cp310-macosx_11_0_arm64.whl", hash = "sha256:f3828215f652695651430cd2c59d63e132076a27be23dccb248b283a2c260031"},
    {file = "python_rtmidi-1.5.2-cp310-cp310-manylinux_2_28_aarch64.whl", hash = "sha256:3b1bd9ff5d83355045d461fe02235463524d1cb0f12de7e115bd8be6199b20fe"},
    {file = "python_rtmidi-1.5.2-cp310-cp310-manylinux_2_28_x86_64.whl", hash = "sha256:ee20b495e5923b72bc1be351a6c0208fdb2f26f336f382cd0b77ab0acb7bb34c"},
    {file = "python_rtmidi-1.5.2-cp310-cp310-win_amd64.whl", hash = "sha256:77ecd1906d83570a5b3d6dd935d09f265b4b99802145a4a9cb2ea0295db2f6e5"},
    {file = "python_rtmidi-1.5.2-cp311-cp311-macosx_10_9_x86_64.whl", hash = "sha256:1b77c5b5cfcb6a903a2ce860a749f0c41ea0d634faa72f89ea9bf62b8a96587d"},
    {file = "python_rtmidi-1.5.2-cp311-cp311-macosx_11_0_arm64.whl", hash = "sha256:7076db7c40fed27a8ca3165271072ad8ccccb5dd077f797dd1bb6e3e5b0f0232"},
    {file = "python_rtmidi-1.5.2-cp311-cp311-manylinux_2_28_aarch64.whl", hash = "sha256:674a48a3d2e23f36f5572fec46fbb3791eeb5c7ba4d8d34570ef8f3aba52d653"},
    {file = "python_rtmidi-1.5.2-cp311-cp311-manylinux_2_28_x86_64.whl", hash = "sha256:4cee85ee1bce781609a7e65e5b85dda9d5682002024daaca9abb71add8aea74c"},
    {file = "python_rtmidi-1.5.2-cp311-cp311-win_amd64.whl", hash = "sha256:eae9c6e4e34751f6577584183baa8cba5250e2087656d285ee81e7f105f24e14"},
    {file = "python_rtmidi-1.5.2-cp38-cp38-macosx_10_9_x86_64.whl", hash = "sha256:3a9a77df213e29d4e50ed79b19281683deb966e4c999f62680d35d521796e33d"},
    {file = "python_rtmidi-1.5.2-cp38-cp38-macosx_11_0_arm64.whl", hash = "sha256:eb0e5cee15806157a0dfcfbe3bbd6397f46b45f33e1b151a73d85ac20f22b642"},
    {file = "python_rtmidi-1.5.2-cp38-cp38-manylinux_2_28_aarch64.whl", hash = "sha256:f587bcff441d194cb7c653979c773f539666ed92e19917ca9c7eee3a98a2d50b"},
    {file = "python_rtmidi-1.5.2-cp38-cp38-manylinux_2_28_x86_64.whl", hash = "sha256:7ed56dda66316ed77ec5eeb5b6787fb7af5c6b226bec7931490c77cd8fe9eed6"},
    {file = "python_rtmidi-1.5.2-cp38-cp38-win_amd64.whl", hash = "sha256:705c9866f200e71879af2d6bf3aa11d312a88612421a816a82468cc528c9e2f4"},
    {file = "python_rtmidi-1.5.2-cp39-cp39-macosx_10_9_x86_64.whl", hash = "sha256:d1bea8ce5cda70edd172d2cc6364926448e3bff6024debed08983ecae4ef28d9"},
    {file = "python_rtmidi-1.5.2-cp39-cp39-macosx_11_0_arm64.whl", hash = "sha256:3cd43c1d9d31cf78ff450273ddbd6c12153a96961f0359c9caaecd41b4c7b231"},
    {file = "python_rtmidi-1.5.2-cp39-cp39-manylinux_2_28_aarch64.whl", hash = "sha256:3da38b7682b3e614d455ea34b3d4b408e11b98508587159d9e5903ade4cf08ee"},
    {file = "python_rtmidi-1.5.2-cp39-cp39-manylinux_2_28_x86_64.whl", hash = "sha256:299935b29f3d82e22c7070a4507c5ece7a8aadc1cb67fe021e4db2c2e10ae840"},
    {file = "python_rtmidi-1.5.2-cp39-cp39-win_amd64.whl", hash = "sha256:f07d59af0c5156ba9e1b2d9ea8e55a4cfe990afd4e37ca905ff99d8ec75c5507"},
]

[metadata]
lock-version = "2.0"
python-versions = "^3.11"
content-hash = "000cb87a0eceab6aae85b529f8918782914b7915cc0ac1b655360d209765013b"
